
Microsoft Visual Studio Solution File, Format Version 12.00
# Visual Studio 15
VisualStudioVersion = 15.0.28010.2003
MinimumVisualStudioVersion = 10.0.40219.1
Project("{9A19103F-16F7-4668-BE54-9A1E7A4F7556}") = "RazorWroksheet", "RazorWroksheet\RazorWroksheet.csproj", "{595F0C49-6CA2-4E49-9B87-2E062B7B3166}"
EndProject
Global
	GlobalSection(SolutionConfigurationPlatforms) = preSolution
		Debug|Any CPU = Debug|Any CPU
		Release|Any CPU = Release|Any CPU
	EndGlobalSection
	GlobalSection(ProjectConfigurationPlatforms) = postSolution
		{595F0C49-6CA2-4E49-9B87-2E062B7B3166}.Debug|Any CPU.ActiveCfg = Debug|Any CPU
		{595F0C49-6CA2-4E49-9B87-2E062B7B3166}.Debug|Any CPU.Build.0 = Debug|Any CPU
		{595F0C49-6CA2-4E49-9B87-2E062B7B3166}.Release|Any CPU.ActiveCfg = Release|Any CPU
		{595F0C49-6CA2-4E49-9B87-2E062B7B3166}.Release|Any CPU.Build.0 = Release|Any CPU
	EndGlobalSection
	GlobalSection(SolutionProperties) = preSolution
		HideSolutionNode = FALSE
	EndGlobalSection
	GlobalSection(ExtensibilityGlobals) = postSolution
		SolutionGuid = {6281A7CA-9BF0-41F6-BDCC-F4D2919F53FA}
	EndGlobalSection
EndGlobal
